
Microsoft Visual Studio Solution File, Format Version 12.00
# Visual Studio 15
VisualStudioVersion = 15.0.26730.16
MinimumVisualStudioVersion = 10.0.40219.1
Project("{FAE04EC0-301F-11D3-BF4B-00C04F79EFBC}") = "EmulatorARC", "EmulatorARC\EmulatorARC.csproj", "{983FB0F4-E106-46FE-A2B2-1EA2EA1269A9}"
EndProject
Global
	GlobalSection(SolutionConfigurationPlatforms) = preSolution
		Debug|Any CPU = Debug|Any CPU
		Release|Any CPU = Release|Any CPU
	EndGlobalSection
	GlobalSection(ProjectConfigurationPlatforms) = postSolution
		{983FB0F4-E106-46FE-A2B2-1EA2EA1269A9}.Debug|Any CPU.ActiveCfg = Debug|Any CPU
		{983FB0F4-E106-46FE-A2B2-1EA2EA1269A9}.Debug|Any CPU.Build.0 = Debug|Any CPU
		{983FB0F4-E106-46FE-A2B2-1EA2EA1269A9}.Release|Any CPU.ActiveCfg = Release|Any CPU
		{983FB0F4-E106-46FE-A2B2-1EA2EA1269A9}.Release|Any CPU.Build.0 = Release|Any CPU
	EndGlobalSection
	GlobalSection(SolutionProperties) = preSolution
		HideSolutionNode = FALSE
	EndGlobalSection
	GlobalSection(ExtensibilityGlobals) = postSolution
		SolutionGuid = {1287C414-5414-456D-8034-6FC0B6958AFA}
	EndGlobalSection
EndGlobal
